
Microsoft Visual Studio Solution File, Format Version 12.00
# Visual Studio Version 17
VisualStudioVersion = 17.7.34031.279
MinimumVisualStudioVersion = 10.0.40219.1
Project("{FAE04EC0-301F-11D3-BF4B-00C04F79EFBC}") = "MyZooV2", "MyZooV2\MyZooV2.csproj", "{EFFA4386-C9A9-42D8-B68F-89DC9AE77DE5}"
EndProject
Global
	GlobalSection(SolutionConfigurationPlatforms) = preSolution
		Debug|Any CPU = Debug|Any CPU
		Release|Any CPU = Release|Any CPU
	EndGlobalSection
	GlobalSection(ProjectConfigurationPlatforms) = postSolution
		{EFFA4386-C9A9-42D8-B68F-89DC9AE77DE5}.Debug|Any CPU.ActiveCfg = Debug|Any CPU
		{EFFA4386-C9A9-42D8-B68F-89DC9AE77DE5}.Debug|Any CPU.Build.0 = Debug|Any CPU
		{EFFA4386-C9A9-42D8-B68F-89DC9AE77DE5}.Release|Any CPU.ActiveCfg = Release|Any CPU
		{EFFA4386-C9A9-42D8-B68F-89DC9AE77DE5}.Release|Any CPU.Build.0 = Release|Any CPU
	EndGlobalSection
	GlobalSection(SolutionProperties) = preSolution
		HideSolutionNode = FALSE
	EndGlobalSection
	GlobalSection(ExtensibilityGlobals) = postSolution
		SolutionGuid = {297D311E-014A-44C9-890A-3A4CA02992D4}
	EndGlobalSection
EndGlobal
